<?xml version="1.0" encoding="utf-8"?>
<Project ToolsVersion="4.0" xmlns="http://schemas.microsoft.com/developer/msbuild/2003">
  <ItemGroup>
    <Filter Include="Source files">
      <UniqueIdentifier>{832975fa-9897-43cf-9db1-899b15b24ed5}</UniqueIdentifier>
      <Extensions>cpp;c;cc;cxx;def;odl;idl;hpj;bat;asm;asmx</Extensions>
    </Filter>
    <Filter Include="Header files">
      <UniqueIdentifier>{d02bc26a-761d-48f0-8d6e-01f09cda90ed}</UniqueIdentifier>
      <Extensions>h;hpp;hxx;hm;inl;inc;xsd</Extensions>
    </Filter>
    <Filter Include="Resource files">
      <UniqueIdentifier>{de09d8c0-00b0-488a-a9d9-0bfdae6cdcd2}</UniqueIdentifier>
      <Extensions>rc;ico;cur;bmp;dlg;rc2;rct;bin;rgs;gif;jpg;jpeg;jpe;resx;tiff;tif;png;wav</Extensions>
    </Filter>
    <Filter Include="Source files\Device-specific files">
      <UniqueIdentifier>{c37eb227-558e-48b2-b637-dcf2d7ddfba1}</UniqueIdentifier>
    </Filter>
    <Filter Include="Header files\Device-specific files">
      <UniqueIdentifier>{aa63e212-d8d4-480a-b91d-5119ae57145b}</UniqueIdentifier>
    </Filter>
    <Filter Include="VisualGDB settings">
      <UniqueIdentifier>{988f6208-ed48-4f2e-a10e-5de1ec266d78}</UniqueIdentifier>
      <Extensions>vgdbsettings</Extensions>
    </Filter>
    <Filter Include="MSP430CpLib">
      <UniqueIdentifier>{d36f52f3-1237-402c-8c6b-bde07119c3b0}</UniqueIdentifier>
    </Filter>
    <Filter Include="MSP430CpLib\Source files">
      <UniqueIdentifier>{fa2cc6df-f59f-4d99-b4e7-f9666880e877}</UniqueIdentifier>
    </Filter>
    <Filter Include="MSP430CpLib\Header files">
      <UniqueIdentifier>{0b5c4179-ad47-46f4-bd48-085530d42aa9}</UniqueIdentifier>
    </Filter>
  </ItemGroup>
  <ItemGroup>
    <None Include="mcu.props">
      <Filter>Source files\Device-specific files</Filter>
    </None>
    <None Include="MSP430CpLib-Debug.vgdbsettings">
      <Filter>VisualGDB settings</Filter>
    </None>
    <None Include="MSP430CpLib-Release.vgdbsettings">
      <Filter>VisualGDB settings</Filter>
    </None>
  </ItemGroup>
  <ItemGroup>
    <Xml Include="MCU.xml">
      <Filter>VisualGDB settings</Filter>
    </Xml>
  </ItemGroup>
  <ItemGroup>
    <ClCompile Include="main.cpp">
      <Filter>Source files</Filter>
    </ClCompile>
    <ClCompile Include="msp430cp_gpio.cpp">
      <Filter>MSP430CpLib\Source files</Filter>
    </ClCompile>
    <ClCompile Include="msp430cp_registers.cpp">
      <Filter>MSP430CpLib\Source files</Filter>
    </ClCompile>
    <ClCompile Include="msp430cp_timer.cpp">
      <Filter>MSP430CpLib\Source files</Filter>
    </ClCompile>
  </ItemGroup>
  <ItemGroup>
    <ClInclude Include="msp430cp_gpio.h">
      <Filter>MSP430CpLib\Header files</Filter>
    </ClInclude>
    <ClInclude Include="msp430cp_registers.h">
      <Filter>MSP430CpLib\Header files</Filter>
    </ClInclude>
    <ClInclude Include="msp430cp_device.h">
      <Filter>MSP430CpLib\Header files</Filter>
    </ClInclude>
    <ClInclude Include="msp430cp_timer.h">
      <Filter>MSP430CpLib\Header files</Filter>
    </ClInclude>
  </ItemGroup>
</Project>